
Microsoft Visual Studio Solution File, Format Version 12.00
Project("{FAE04EC0-301F-11D3-BF4B-00C04F79EFBC}") = "lab4", "lab4\lab4.csproj", "{B6CF13E4-03AE-41AD-8365-8AB3F123A28D}"
EndProject
Global
	GlobalSection(SolutionConfigurationPlatforms) = preSolution
		Debug|Any CPU = Debug|Any CPU
		Release|Any CPU = Release|Any CPU
	EndGlobalSection
	GlobalSection(ProjectConfigurationPlatforms) = postSolution
		{B6CF13E4-03AE-41AD-8365-8AB3F123A28D}.Debug|Any CPU.ActiveCfg = Debug|Any CPU
		{B6CF13E4-03AE-41AD-8365-8AB3F123A28D}.Debug|Any CPU.Build.0 = Debug|Any CPU
		{B6CF13E4-03AE-41AD-8365-8AB3F123A28D}.Release|Any CPU.ActiveCfg = Release|Any CPU
		{B6CF13E4-03AE-41AD-8365-8AB3F123A28D}.Release|Any CPU.Build.0 = Release|Any CPU
	EndGlobalSection
EndGlobal
